
Microsoft Visual Studio Solution File, Format Version 11.00
# Visual Studio 2010
Project("{FAE04EC0-301F-11D3-BF4B-00C04F79EFBC}") = "RadioCabinet", "RadioCabinet\RadioCabinet.csproj", "{6AAD338A-6AA0-4204-8D87-86A0BE794839}"
EndProject
Project("{FAE04EC0-301F-11D3-BF4B-00C04F79EFBC}") = "CoreAudioApi", "..\..\..\Examples\CoreAudio2_Src\CoreAudioApi\CoreAudioApi.csproj", "{9F1076AA-63DF-4128-9C10-FD65E425C783}"
EndProject
Global
	GlobalSection(SolutionConfigurationPlatforms) = preSolution
		Debug|Any CPU = Debug|Any CPU
		Debug|x86 = Debug|x86
		Release|Any CPU = Release|Any CPU
		Release|x86 = Release|x86
	EndGlobalSection
	GlobalSection(ProjectConfigurationPlatforms) = postSolution
		{6AAD338A-6AA0-4204-8D87-86A0BE794839}.Debug|Any CPU.ActiveCfg = Debug|x86
		{6AAD338A-6AA0-4204-8D87-86A0BE794839}.Debug|x86.ActiveCfg = Debug|x86
		{6AAD338A-6AA0-4204-8D87-86A0BE794839}.Debug|x86.Build.0 = Debug|x86
		{6AAD338A-6AA0-4204-8D87-86A0BE794839}.Release|Any CPU.ActiveCfg = Release|x86
		{6AAD338A-6AA0-4204-8D87-86A0BE794839}.Release|x86.ActiveCfg = Release|x86
		{6AAD338A-6AA0-4204-8D87-86A0BE794839}.Release|x86.Build.0 = Release|x86
		{9F1076AA-63DF-4128-9C10-FD65E425C783}.Debug|Any CPU.ActiveCfg = Debug|Any CPU
		{9F1076AA-63DF-4128-9C10-FD65E425C783}.Debug|Any CPU.Build.0 = Debug|Any CPU
		{9F1076AA-63DF-4128-9C10-FD65E425C783}.Debug|x86.ActiveCfg = Debug|x86
		{9F1076AA-63DF-4128-9C10-FD65E425C783}.Debug|x86.Build.0 = Debug|x86
		{9F1076AA-63DF-4128-9C10-FD65E425C783}.Release|Any CPU.ActiveCfg = Release|Any CPU
		{9F1076AA-63DF-4128-9C10-FD65E425C783}.Release|Any CPU.Build.0 = Release|Any CPU
		{9F1076AA-63DF-4128-9C10-FD65E425C783}.Release|x86.ActiveCfg = Release|x86
		{9F1076AA-63DF-4128-9C10-FD65E425C783}.Release|x86.Build.0 = Release|x86
	EndGlobalSection
	GlobalSection(SolutionProperties) = preSolution
		HideSolutionNode = FALSE
	EndGlobalSection
EndGlobal
